
Microsoft Visual Studio Solution File, Format Version 12.00
# Visual Studio Version 17
VisualStudioVersion = 17.14.36518.9
MinimumVisualStudioVersion = 10.0.40219.1
Project("{8BC9CEB8-8B4A-11D0-8D11-00A0C91BC942}") = "01_Beispiel", "01_Beispiel\01_Beispiel.vcxproj", "{D2408778-1575-46B5-8866-B38817135B03}"
EndProject
Project("{8BC9CEB8-8B4A-11D0-8D11-00A0C91BC942}") = "02_Beispiel", "02_Beispiel\02_Beispiel.vcxproj", "{C2841DE1-7567-40B9-B1FF-B7466AF688D4}"
EndProject
Global
	GlobalSection(SolutionConfigurationPlatforms) = preSolution
		Debug|x64 = Debug|x64
		Debug|x86 = Debug|x86
		Release|x64 = Release|x64
		Release|x86 = Release|x86
	EndGlobalSection
	GlobalSection(ProjectConfigurationPlatforms) = postSolution
		{D2408778-1575-46B5-8866-B38817135B03}.Debug|x64.ActiveCfg = Debug|x64
		{D2408778-1575-46B5-8866-B38817135B03}.Debug|x64.Build.0 = Debug|x64
		{D2408778-1575-46B5-8866-B38817135B03}.Debug|x86.ActiveCfg = Debug|Win32
		{D2408778-1575-46B5-8866-B38817135B03}.Debug|x86.Build.0 = Debug|Win32
		{D2408778-1575-46B5-8866-B38817135B03}.Release|x64.ActiveCfg = Release|x64
		{D2408778-1575-46B5-8866-B38817135B03}.Release|x64.Build.0 = Release|x64
		{D2408778-1575-46B5-8866-B38817135B03}.Release|x86.ActiveCfg = Release|Win32
		{D2408778-1575-46B5-8866-B38817135B03}.Release|x86.Build.0 = Release|Win32
		{C2841DE1-7567-40B9-B1FF-B7466AF688D4}.Debug|x64.ActiveCfg = Debug|x64
		{C2841DE1-7567-40B9-B1FF-B7466AF688D4}.Debug|x64.Build.0 = Debug|x64
		{C2841DE1-7567-40B9-B1FF-B7466AF688D4}.Debug|x86.ActiveCfg = Debug|Win32
		{C2841DE1-7567-40B9-B1FF-B7466AF688D4}.Debug|x86.Build.0 = Debug|Win32
		{C2841DE1-7567-40B9-B1FF-B7466AF688D4}.Release|x64.ActiveCfg = Release|x64
		{C2841DE1-7567-40B9-B1FF-B7466AF688D4}.Release|x64.Build.0 = Release|x64
		{C2841DE1-7567-40B9-B1FF-B7466AF688D4}.Release|x86.ActiveCfg = Release|Win32
		{C2841DE1-7567-40B9-B1FF-B7466AF688D4}.Release|x86.Build.0 = Release|Win32
	EndGlobalSection
	GlobalSection(SolutionProperties) = preSolution
		HideSolutionNode = FALSE
	EndGlobalSection
	GlobalSection(ExtensibilityGlobals) = postSolution
		SolutionGuid = {108E7207-1933-4637-9C8D-0B88E2FD6A5F}
	EndGlobalSection
EndGlobal
